<?xml version="1.0" encoding="utf-8"?>
<Project ToolsVersion="4.0" xmlns="http://schemas.microsoft.com/developer/msbuild/2003">
  <ItemGroup>
    <Filter Include="Source Files">
      <UniqueIdentifier>{4FC737F1-C7A5-4376-A066-2A32D752A2FF}</UniqueIdentifier>
      <Extensions>cpp;c;cc;cxx;c++;cppm;ixx;def;odl;idl;hpj;bat;asm;asmx</Extensions>
    </Filter>
    <Filter Include="Header Files">
      <UniqueIdentifier>{93995380-89BD-4b04-88EB-625FBE52EBFB}</UniqueIdentifier>
      <Extensions>h;hh;hpp;hxx;h++;hm;inl;inc;ipp;xsd</Extensions>
    </Filter>
    <Filter Include="Resource Files">
      <UniqueIdentifier>{67DA6AB6-F800-4c08-8B7A-83BB121AAD01}</UniqueIdentifier>
      <Extensions>rc;ico;cur;bmp;dlg;rc2;rct;bin;rgs;gif;jpg;jpeg;jpe;resx;tiff;tif;png;wav;mfcribbon-ms</Extensions>
    </Filter>
    <Filter Include="Header Files\StudentRelated">
      <UniqueIdentifier>{63bf30e6-b7bc-49ae-aa9c-50375e8fe146}</UniqueIdentifier>
    </Filter>
    <Filter Include="Header Files\TeacherRelated">
      <UniqueIdentifier>{0c7fdad7-d3ff-4815-8ed9-d3186807bb84}</UniqueIdentifier>
    </Filter>
    <Filter Include="Header Files\DBRelated">
      <UniqueIdentifier>{3621943b-15b4-4d2f-bdd9-f76db98a5111}</UniqueIdentifier>
    </Filter>
    <Filter Include="Header Files\CourseRelated">
      <UniqueIdentifier>{666ac9cd-4810-439b-8b7f-98a28afb5fe1}</UniqueIdentifier>
    </Filter>
  </ItemGroup>
  <ItemGroup>
    <ClCompile Include="SchoolMgmtDB.cpp">
      <Filter>Source Files</Filter>
    </ClCompile>
    <ClCompile Include="MainMgmt.cpp">
      <Filter>Source Files</Filter>
    </ClCompile>
    <ClCompile Include="StudentMgmt.cpp">
      <Filter>Source Files</Filter>
    </ClCompile>
    <ClCompile Include="TeacherMgmt.cpp">
      <Filter>Source Files</Filter>
    </ClCompile>
    <ClCompile Include="mssqldb.cpp">
      <Filter>Source Files</Filter>
    </ClCompile>
    <ClCompile Include="MyUtils.cpp">
      <Filter>Source Files</Filter>
    </ClCompile>
  </ItemGroup>
  <ItemGroup>
    <ClInclude Include="MainMgmt.h">
      <Filter>Header Files</Filter>
    </ClInclude>
    <ClInclude Include="Student.h">
      <Filter>Header Files\StudentRelated</Filter>
    </ClInclude>
    <ClInclude Include="StudentMgmt.h">
      <Filter>Header Files\StudentRelated</Filter>
    </ClInclude>
    <ClInclude Include="Teacher.h">
      <Filter>Header Files\TeacherRelated</Filter>
    </ClInclude>
    <ClInclude Include="TeacherMgmt.h">
      <Filter>Header Files\TeacherRelated</Filter>
    </ClInclude>
    <ClInclude Include="mssqldb.h">
      <Filter>Header Files</Filter>
    </ClInclude>
    <ClInclude Include="MyUtils.h">
      <Filter>Header Files</Filter>
    </ClInclude>
    <ClInclude Include="stdafx.h">
      <Filter>Header Files</Filter>
    </ClInclude>
    <ClInclude Include="targetver.h">
      <Filter>Header Files</Filter>
    </ClInclude>
    <ClInclude Include="Course.h">
      <Filter>Header Files\CourseRelated</Filter>
    </ClInclude>
    <ClInclude Include="Lectures.h">
      <Filter>Header Files</Filter>
    </ClInclude>
    <ClInclude Include="CourseHist.h">
      <Filter>Header Files\CourseRelated</Filter>
    </ClInclude>
    <ClInclude Include="Report.h">
      <Filter>Header Files</Filter>
    </ClInclude>
    <ClInclude Include="Test.h">
      <Filter>Header Files</Filter>
    </ClInclude>
  </ItemGroup>
</Project>